
Microsoft Visual Studio Solution File, Format Version 12.00
# Visual Studio Version 17
VisualStudioVersion = 17.7.34018.315
MinimumVisualStudioVersion = 10.0.40219.1
Project("{9A19103F-16F7-4668-BE54-9A1E7A4F7556}") = "Domain Models", "Domain Models\Domain Models.csproj", "{2630622F-ABC0-4596-8156-308530880FA5}"
EndProject
Project("{FAE04EC0-301F-11D3-BF4B-00C04F79EFBC}") = "BlazorApp", "BlazorApp\BlazorApp.csproj", "{A70D7F14-9A22-4340-A635-2344554A0756}"
EndProject
Global
	GlobalSection(SolutionConfigurationPlatforms) = preSolution
		Debug|Any CPU = Debug|Any CPU
		Release|Any CPU = Release|Any CPU
	EndGlobalSection
	GlobalSection(ProjectConfigurationPlatforms) = postSolution
		{2630622F-ABC0-4596-8156-308530880FA5}.Debug|Any CPU.ActiveCfg = Debug|Any CPU
		{2630622F-ABC0-4596-8156-308530880FA5}.Debug|Any CPU.Build.0 = Debug|Any CPU
		{2630622F-ABC0-4596-8156-308530880FA5}.Release|Any CPU.ActiveCfg = Release|Any CPU
		{2630622F-ABC0-4596-8156-308530880FA5}.Release|Any CPU.Build.0 = Release|Any CPU
		{A70D7F14-9A22-4340-A635-2344554A0756}.Debug|Any CPU.ActiveCfg = Debug|Any CPU
		{A70D7F14-9A22-4340-A635-2344554A0756}.Debug|Any CPU.Build.0 = Debug|Any CPU
		{A70D7F14-9A22-4340-A635-2344554A0756}.Release|Any CPU.ActiveCfg = Release|Any CPU
		{A70D7F14-9A22-4340-A635-2344554A0756}.Release|Any CPU.Build.0 = Release|Any CPU
	EndGlobalSection
	GlobalSection(SolutionProperties) = preSolution
		HideSolutionNode = FALSE
	EndGlobalSection
	GlobalSection(ExtensibilityGlobals) = postSolution
		SolutionGuid = {2E6A73CC-0E29-4168-998E-D9C92DB393D8}
	EndGlobalSection
EndGlobal
